
Microsoft Visual Studio Solution File, Format Version 12.00
# Visual Studio Version 17
VisualStudioVersion = 17.11.35312.102
MinimumVisualStudioVersion = 10.0.40219.1
Project("{FAE04EC0-301F-11D3-BF4B-00C04F79EFBC}") = "BackEndDevelopment", "BackEndDevelopment.csproj", "{20C89772-B53A-4929-BF68-22E265711938}"
EndProject
Global
	GlobalSection(SolutionConfigurationPlatforms) = preSolution
		Debug|Any CPU = Debug|Any CPU
		Release|Any CPU = Release|Any CPU
	EndGlobalSection
	GlobalSection(ProjectConfigurationPlatforms) = postSolution
		{20C89772-B53A-4929-BF68-22E265711938}.Debug|Any CPU.ActiveCfg = Debug|Any CPU
		{20C89772-B53A-4929-BF68-22E265711938}.Debug|Any CPU.Build.0 = Debug|Any CPU
		{20C89772-B53A-4929-BF68-22E265711938}.Release|Any CPU.ActiveCfg = Release|Any CPU
		{20C89772-B53A-4929-BF68-22E265711938}.Release|Any CPU.Build.0 = Release|Any CPU
	EndGlobalSection
	GlobalSection(SolutionProperties) = preSolution
		HideSolutionNode = FALSE
	EndGlobalSection
	GlobalSection(ExtensibilityGlobals) = postSolution
		SolutionGuid = {AEC0FE90-A5C3-420A-A2DD-1C487C9DE1DD}
	EndGlobalSection
EndGlobal
